// !$*UTF8*$!
{
	archiveVersion = 1;
	classes = {
	};
	objectVersion = 55;
	objects = {

/* Begin PBXBuildFile section */
		C725BA3F28AC2DED00DA4D32 /* ReqsViewControllerTests.swift in Sources */ = {isa = PBXBuildFile; fileRef = C7375F2C28AC292300F123F4 /* ReqsViewControllerTests.swift */; };
		C725BA4028AC2DED00DA4D32 /* HomeViewControllerTests.swift in Sources */ = {isa = PBXBuildFile; fileRef = C7375F2628AC22D800F123F4 /* HomeViewControllerTests.swift */; };
		C725BA4128AC2DED00DA4D32 /* MockHomeViewController.swift in Sources */ = {isa = PBXBuildFile; fileRef = C7375F2828AC276400F123F4 /* MockHomeViewController.swift */; };
		C725BA4228AC2DED00DA4D32 /* MockReqsViewController.swift in Sources */ = {isa = PBXBuildFile; fileRef = C7375F2A28AC28E200F123F4 /* MockReqsViewController.swift */; };
		C725BA4428AC2F1E00DA4D32 /* MockJSONManager.swift in Sources */ = {isa = PBXBuildFile; fileRef = C725BA4328AC2F1E00DA4D32 /* MockJSONManager.swift */; };
		C725BA4628AC346D00DA4D32 /* testresponse.json in Resources */ = {isa = PBXBuildFile; fileRef = C725BA4528AC346D00DA4D32 /* testresponse.json */; };
		C74F04D82814EAF900F844CE /* AppDelegate.swift in Sources */ = {isa = PBXBuildFile; fileRef = C74F04D72814EAF900F844CE /* AppDelegate.swift */; };
		C74F04DA2814EAF900F844CE /* SceneDelegate.swift in Sources */ = {isa = PBXBuildFile; fileRef = C74F04D92814EAF900F844CE /* SceneDelegate.swift */; };
		C74F04DC2814EAF900F844CE /* MainTabbarViewController.swift in Sources */ = {isa = PBXBuildFile; fileRef = C74F04DB2814EAF900F844CE /* MainTabbarViewController.swift */; };
		C74F04DF2814EAF900F844CE /* Main.storyboard in Resources */ = {isa = PBXBuildFile; fileRef = C74F04DD2814EAF900F844CE /* Main.storyboard */; };
		C74F04E12814EAFA00F844CE /* Assets.xcassets in Resources */ = {isa = PBXBuildFile; fileRef = C74F04E02814EAFA00F844CE /* Assets.xcassets */; };
		C74F04E42814EAFA00F844CE /* LaunchScreen.storyboard in Resources */ = {isa = PBXBuildFile; fileRef = C74F04E22814EAFA00F844CE /* LaunchScreen.storyboard */; };
		C74F04F228163BC900F844CE /* HomeViewController.swift in Sources */ = {isa = PBXBuildFile; fileRef = C74F04F128163BC900F844CE /* HomeViewController.swift */; };
		C74F04F428163C0400F844CE /* ExploreViewController.swift in Sources */ = {isa = PBXBuildFile; fileRef = C74F04F328163C0400F844CE /* ExploreViewController.swift */; };
		C74F04F628163CB500F844CE /* SettingsViewController.swift in Sources */ = {isa = PBXBuildFile; fileRef = C74F04F528163CB500F844CE /* SettingsViewController.swift */; };
		C765A54D28AAA9E100FE72F0 /* OnboardingViewController.swift in Sources */ = {isa = PBXBuildFile; fileRef = C765A54C28AAA9E100FE72F0 /* OnboardingViewController.swift */; };
		C765A54F28AAABEA00FE72F0 /* OnboardingPage1.swift in Sources */ = {isa = PBXBuildFile; fileRef = C765A54E28AAABEA00FE72F0 /* OnboardingPage1.swift */; };
		C765A55128AAABF800FE72F0 /* OnboardingPage2.swift in Sources */ = {isa = PBXBuildFile; fileRef = C765A55028AAABF800FE72F0 /* OnboardingPage2.swift */; };
		C765A55328AAAC0000FE72F0 /* OnboardingPage3.swift in Sources */ = {isa = PBXBuildFile; fileRef = C765A55228AAAC0000FE72F0 /* OnboardingPage3.swift */; };
		C78573D62899C92C000BB99C /* Constant.swift in Sources */ = {isa = PBXBuildFile; fileRef = C78573D52899C92C000BB99C /* Constant.swift */; };
		C78573D8289CBEF3000BB99C /* ReqsViewController.swift in Sources */ = {isa = PBXBuildFile; fileRef = C78573D7289CBEF3000BB99C /* ReqsViewController.swift */; };
		C7DB168F28A18A60001A66FD /* MyReqsTableViewCell.swift in Sources */ = {isa = PBXBuildFile; fileRef = C7DB168E28A18A60001A66FD /* MyReqsTableViewCell.swift */; };
		C7DB170B28A6C248001A66FD /* SettingsTableViewCell.swift in Sources */ = {isa = PBXBuildFile; fileRef = C7DB170A28A6C248001A66FD /* SettingsTableViewCell.swift */; };
		C7DB170D28A6CDE7001A66FD /* SwitchTableViewCell.swift in Sources */ = {isa = PBXBuildFile; fileRef = C7DB170C28A6CDE7001A66FD /* SwitchTableViewCell.swift */; };
		C7DDA7CF284FBEC1005D67D1 /* DiscoverCollectionViewCell.swift in Sources */ = {isa = PBXBuildFile; fileRef = C7DDA7CE284FBEC1005D67D1 /* DiscoverCollectionViewCell.swift */; };
		C7DDA7D228513A31005D67D1 /* Realm in Frameworks */ = {isa = PBXBuildFile; productRef = C7DDA7D128513A31005D67D1 /* Realm */; };
		C7DDA7D428513A31005D67D1 /* RealmSwift in Frameworks */ = {isa = PBXBuildFile; productRef = C7DDA7D328513A31005D67D1 /* RealmSwift */; };
		C7DDA7D828513D93005D67D1 /* ProfileModel.swift in Sources */ = {isa = PBXBuildFile; fileRef = C7DDA7D728513D93005D67D1 /* ProfileModel.swift */; };
		C7DDA7DA28513FA6005D67D1 /* ReqsModel.swift in Sources */ = {isa = PBXBuildFile; fileRef = C7DDA7D928513FA6005D67D1 /* ReqsModel.swift */; };
		C7DDA7DF28529BD4005D67D1 /* YelpResult.swift in Sources */ = {isa = PBXBuildFile; fileRef = C7DDA7DE28529BD4005D67D1 /* YelpResult.swift */; };
		C7DDA7E22852B743005D67D1 /* JSONManager.swift in Sources */ = {isa = PBXBuildFile; fileRef = C7DDA7E12852B743005D67D1 /* JSONManager.swift */; };
		C7DDA86928639399005D67D1 /* YelpResultPins.swift in Sources */ = {isa = PBXBuildFile; fileRef = C7DDA86828639399005D67D1 /* YelpResultPins.swift */; };
		C7DDA86D2873CCC8005D67D1 /* AnnotationViewController.swift in Sources */ = {isa = PBXBuildFile; fileRef = C7DDA86C2873CCC8005D67D1 /* AnnotationViewController.swift */; };
		C7DDA872288378DA005D67D1 /* Kingfisher in Frameworks */ = {isa = PBXBuildFile; productRef = C7DDA871288378DA005D67D1 /* Kingfisher */; };
/* End PBXBuildFile section */

/* Begin PBXContainerItemProxy section */
		C725BA3A28AC2D9D00DA4D32 /* PBXContainerItemProxy */ = {
			isa = PBXContainerItemProxy;
			containerPortal = C74F04CC2814EAF900F844CE /* Project object */;
			proxyType = 1;
			remoteGlobalIDString = C74F04D32814EAF900F844CE;
			remoteInfo = Reqs;
		};
/* End PBXContainerItemProxy section */

/* Begin PBXFileReference section */
		C725BA3628AC2D9D00DA4D32 /* ReqsTests.xctest */ = {isa = PBXFileReference; explicitFileType = wrapper.cfbundle; includeInIndex = 0; path = ReqsTests.xctest; sourceTree = BUILT_PRODUCTS_DIR; };
		C725BA4328AC2F1E00DA4D32 /* MockJSONManager.swift */ = {isa = PBXFileReference; lastKnownFileType = sourcecode.swift; path = MockJSONManager.swift; sourceTree = "<group>"; };
		C725BA4528AC346D00DA4D32 /* testresponse.json */ = {isa = PBXFileReference; fileEncoding = 4; lastKnownFileType = text.json; path = testresponse.json; sourceTree = "<group>"; };
		C7375F2628AC22D800F123F4 /* HomeViewControllerTests.swift */ = {isa = PBXFileReference; lastKnownFileType = sourcecode.swift; path = HomeViewControllerTests.swift; sourceTree = "<group>"; };
		C7375F2828AC276400F123F4 /* MockHomeViewController.swift */ = {isa = PBXFileReference; lastKnownFileType = sourcecode.swift; path = MockHomeViewController.swift; sourceTree = "<group>"; };
		C7375F2A28AC28E200F123F4 /* MockReqsViewController.swift */ = {isa = PBXFileReference; lastKnownFileType = sourcecode.swift; path = MockReqsViewController.swift; sourceTree = "<group>"; };
		C7375F2C28AC292300F123F4 /* ReqsViewControllerTests.swift */ = {isa = PBXFileReference; lastKnownFileType = sourcecode.swift; path = ReqsViewControllerTests.swift; sourceTree = "<group>"; };
		C74F04D42814EAF900F844CE /* Reqs.app */ = {isa = PBXFileReference; explicitFileType = wrapper.application; includeInIndex = 0; path = Reqs.app; sourceTree = BUILT_PRODUCTS_DIR; };
		C74F04D72814EAF900F844CE /* AppDelegate.swift */ = {isa = PBXFileReference; lastKnownFileType = sourcecode.swift; path = AppDelegate.swift; sourceTree = "<group>"; };
		C74F04D92814EAF900F844CE /* SceneDelegate.swift */ = {isa = PBXFileReference; lastKnownFileType = sourcecode.swift; path = SceneDelegate.swift; sourceTree = "<group>"; };
		C74F04DB2814EAF900F844CE /* MainTabbarViewController.swift */ = {isa = PBXFileReference; lastKnownFileType = sourcecode.swift; path = MainTabbarViewController.swift; sourceTree = "<group>"; };
		C74F04DE2814EAF900F844CE /* Base */ = {isa = PBXFileReference; lastKnownFileType = file.storyboard; name = Base; path = Base.lproj/Main.storyboard; sourceTree = "<group>"; };
		C74F04E02814EAFA00F844CE /* Assets.xcassets */ = {isa = PBXFileReference; lastKnownFileType = folder.assetcatalog; path = Assets.xcassets; sourceTree = "<group>"; };
		C74F04E32814EAFA00F844CE /* Base */ = {isa = PBXFileReference; lastKnownFileType = file.storyboard; name = Base; path = Base.lproj/LaunchScreen.storyboard; sourceTree = "<group>"; };
		C74F04E52814EAFA00F844CE /* Info.plist */ = {isa = PBXFileReference; lastKnownFileType = text.plist.xml; path = Info.plist; sourceTree = "<group>"; };
		C74F04F128163BC900F844CE /* HomeViewController.swift */ = {isa = PBXFileReference; lastKnownFileType = sourcecode.swift; path = HomeViewController.swift; sourceTree = "<group>"; };
		C74F04F328163C0400F844CE /* ExploreViewController.swift */ = {isa = PBXFileReference; lastKnownFileType = sourcecode.swift; path = ExploreViewController.swift; sourceTree = "<group>"; };
		C74F04F528163CB500F844CE /* SettingsViewController.swift */ = {isa = PBXFileReference; lastKnownFileType = sourcecode.swift; path = SettingsViewController.swift; sourceTree = "<group>"; };
		C765A54C28AAA9E100FE72F0 /* OnboardingViewController.swift */ = {isa = PBXFileReference; lastKnownFileType = sourcecode.swift; path = OnboardingViewController.swift; sourceTree = "<group>"; };
		C765A54E28AAABEA00FE72F0 /* OnboardingPage1.swift */ = {isa = PBXFileReference; lastKnownFileType = sourcecode.swift; path = OnboardingPage1.swift; sourceTree = "<group>"; };
		C765A55028AAABF800FE72F0 /* OnboardingPage2.swift */ = {isa = PBXFileReference; lastKnownFileType = sourcecode.swift; path = OnboardingPage2.swift; sourceTree = "<group>"; };
		C765A55228AAAC0000FE72F0 /* OnboardingPage3.swift */ = {isa = PBXFileReference; lastKnownFileType = sourcecode.swift; path = OnboardingPage3.swift; sourceTree = "<group>"; };
		C78573D52899C92C000BB99C /* Constant.swift */ = {isa = PBXFileReference; fileEncoding = 4; lastKnownFileType = sourcecode.swift; path = Constant.swift; sourceTree = "<group>"; };
		C78573D7289CBEF3000BB99C /* ReqsViewController.swift */ = {isa = PBXFileReference; lastKnownFileType = sourcecode.swift; path = ReqsViewController.swift; sourceTree = "<group>"; };
		C7DB168E28A18A60001A66FD /* MyReqsTableViewCell.swift */ = {isa = PBXFileReference; lastKnownFileType = sourcecode.swift; path = MyReqsTableViewCell.swift; sourceTree = "<group>"; };
		C7DB170A28A6C248001A66FD /* SettingsTableViewCell.swift */ = {isa = PBXFileReference; lastKnownFileType = sourcecode.swift; path = SettingsTableViewCell.swift; sourceTree = "<group>"; };
		C7DB170C28A6CDE7001A66FD /* SwitchTableViewCell.swift */ = {isa = PBXFileReference; lastKnownFileType = sourcecode.swift; path = SwitchTableViewCell.swift; sourceTree = "<group>"; };
		C7DDA7CE284FBEC1005D67D1 /* DiscoverCollectionViewCell.swift */ = {isa = PBXFileReference; lastKnownFileType = sourcecode.swift; path = DiscoverCollectionViewCell.swift; sourceTree = "<group>"; };
		C7DDA7D728513D93005D67D1 /* ProfileModel.swift */ = {isa = PBXFileReference; lastKnownFileType = sourcecode.swift; path = ProfileModel.swift; sourceTree = "<group>"; };
		C7DDA7D928513FA6005D67D1 /* ReqsModel.swift */ = {isa = PBXFileReference; lastKnownFileType = sourcecode.swift; path = ReqsModel.swift; sourceTree = "<group>"; };
		C7DDA7DE28529BD4005D67D1 /* YelpResult.swift */ = {isa = PBXFileReference; lastKnownFileType = sourcecode.swift; path = YelpResult.swift; sourceTree = "<group>"; };
		C7DDA7E12852B743005D67D1 /* JSONManager.swift */ = {isa = PBXFileReference; lastKnownFileType = sourcecode.swift; path = JSONManager.swift; sourceTree = "<group>"; };
		C7DDA86828639399005D67D1 /* YelpResultPins.swift */ = {isa = PBXFileReference; lastKnownFileType = sourcecode.swift; path = YelpResultPins.swift; sourceTree = "<group>"; };
		C7DDA86C2873CCC8005D67D1 /* AnnotationViewController.swift */ = {isa = PBXFileReference; lastKnownFileType = sourcecode.swift; path = AnnotationViewController.swift; sourceTree = "<group>"; };
/* End PBXFileReference section */

/* Begin PBXFrameworksBuildPhase section */
		C725BA3328AC2D9D00DA4D32 /* Frameworks */ = {
			isa = PBXFrameworksBuildPhase;
			buildActionMask = 2147483647;
			files = (
			);
			runOnlyForDeploymentPostprocessing = 0;
		};
		C74F04D12814EAF900F844CE /* Frameworks */ = {
			isa = PBXFrameworksBuildPhase;
			buildActionMask = 2147483647;
			files = (
				C7DDA872288378DA005D67D1 /* Kingfisher in Frameworks */,
				C7DDA7D428513A31005D67D1 /* RealmSwift in Frameworks */,
				C7DDA7D228513A31005D67D1 /* Realm in Frameworks */,
			);
			runOnlyForDeploymentPostprocessing = 0;
		};
/* End PBXFrameworksBuildPhase section */

/* Begin PBXGroup section */
		C725BA3728AC2D9D00DA4D32 /* ReqsTests */ = {
			isa = PBXGroup;
			children = (
				C7375F2628AC22D800F123F4 /* HomeViewControllerTests.swift */,
				C7375F2C28AC292300F123F4 /* ReqsViewControllerTests.swift */,
				C7375F2828AC276400F123F4 /* MockHomeViewController.swift */,
				C7375F2A28AC28E200F123F4 /* MockReqsViewController.swift */,
				C725BA4328AC2F1E00DA4D32 /* MockJSONManager.swift */,
				C725BA4528AC346D00DA4D32 /* testresponse.json */,
			);
			path = ReqsTests;
			sourceTree = "<group>";
		};
		C74F04CB2814EAF900F844CE = {
			isa = PBXGroup;
			children = (
				C74F04D62814EAF900F844CE /* Reqs */,
				C725BA3728AC2D9D00DA4D32 /* ReqsTests */,
				C74F04D52814EAF900F844CE /* Products */,
			);
			sourceTree = "<group>";
		};
		C74F04D52814EAF900F844CE /* Products */ = {
			isa = PBXGroup;
			children = (
				C74F04D42814EAF900F844CE /* Reqs.app */,
				C725BA3628AC2D9D00DA4D32 /* ReqsTests.xctest */,
			);
			name = Products;
			sourceTree = "<group>";
		};
		C74F04D62814EAF900F844CE /* Reqs */ = {
			isa = PBXGroup;
			children = (
				C74F04D72814EAF900F844CE /* AppDelegate.swift */,
				C74F04D92814EAF900F844CE /* SceneDelegate.swift */,
				C74F04F92816446500F844CE /* Views */,
				C7DDA7D528513D66005D67D1 /* Models */,
				C74F04EF28163B9100F844CE /* Controllers */,
				C74F04E02814EAFA00F844CE /* Assets.xcassets */,
				C74F04E22814EAFA00F844CE /* LaunchScreen.storyboard */,
				C74F04E52814EAFA00F844CE /* Info.plist */,
			);
			path = Reqs;
			sourceTree = "<group>";
		};
		C74F04EF28163B9100F844CE /* Controllers */ = {
			isa = PBXGroup;
			children = (
				C77DD93428AA7F1F00CE9150 /* Onboarding */,
				C74F04F028163BAB00F844CE /* Core */,
				C7DDA7CD284FBE8F005D67D1 /* Cells */,
			);
			path = Controllers;
			sourceTree = "<group>";
		};
		C74F04F028163BAB00F844CE /* Core */ = {
			isa = PBXGroup;
			children = (
				C74F04DB2814EAF900F844CE /* MainTabbarViewController.swift */,
				C7DDA7E72852D52F005D67D1 /* Map */,
				C7DDA7E82852D537005D67D1 /* Discover */,
				C7DDA7E92852D550005D67D1 /* My Reqs */,
				C7DDA7EA2852D56B005D67D1 /* Settings */,
				C77DD93328A96B9700CE9150 /* Annotation */,
			);
			path = Core;
			sourceTree = "<group>";
		};
		C74F04F92816446500F844CE /* Views */ = {
			isa = PBXGroup;
			children = (
				C74F04DD2814EAF900F844CE /* Main.storyboard */,
			);
			path = Views;
			sourceTree = "<group>";
		};
		C77DD93328A96B9700CE9150 /* Annotation */ = {
			isa = PBXGroup;
			children = (
				C7DDA86C2873CCC8005D67D1 /* AnnotationViewController.swift */,
				C7DDA86828639399005D67D1 /* YelpResultPins.swift */,
			);
			path = Annotation;
			sourceTree = "<group>";
		};
		C77DD93428AA7F1F00CE9150 /* Onboarding */ = {
			isa = PBXGroup;
			children = (
				C765A54C28AAA9E100FE72F0 /* OnboardingViewController.swift */,
				C765A54E28AAABEA00FE72F0 /* OnboardingPage1.swift */,
				C765A55028AAABF800FE72F0 /* OnboardingPage2.swift */,
				C765A55228AAAC0000FE72F0 /* OnboardingPage3.swift */,
			);
			path = Onboarding;
			sourceTree = "<group>";
		};
		C7DDA7CD284FBE8F005D67D1 /* Cells */ = {
			isa = PBXGroup;
			children = (
				C7DDA7CE284FBEC1005D67D1 /* DiscoverCollectionViewCell.swift */,
				C7DB168E28A18A60001A66FD /* MyReqsTableViewCell.swift */,
				C7DB170A28A6C248001A66FD /* SettingsTableViewCell.swift */,
				C7DB170C28A6CDE7001A66FD /* SwitchTableViewCell.swift */,
			);
			path = Cells;
			sourceTree = "<group>";
		};
		C7DDA7D528513D66005D67D1 /* Models */ = {
			isa = PBXGroup;
			children = (
				C78573D52899C92C000BB99C /* Constant.swift */,
				C7DDA7E02852B71C005D67D1 /* NetworkManager */,
				C7DDA7DD28529A7D005D67D1 /* Business Models */,
				C7DDA7D628513D70005D67D1 /* ProfileModels */,
			);
			path = Models;
			sourceTree = "<group>";
		};
		C7DDA7D628513D70005D67D1 /* ProfileModels */ = {
			isa = PBXGroup;
			children = (
				C7DDA7D728513D93005D67D1 /* ProfileModel.swift */,
				C7DDA7D928513FA6005D67D1 /* ReqsModel.swift */,
			);
			path = ProfileModels;
			sourceTree = "<group>";
		};
		C7DDA7DD28529A7D005D67D1 /* Business Models */ = {
			isa = PBXGroup;
			children = (
				C7DDA7DE28529BD4005D67D1 /* YelpResult.swift */,
			);
			path = "Business Models";
			sourceTree = "<group>";
		};
		C7DDA7E02852B71C005D67D1 /* NetworkManager */ = {
			isa = PBXGroup;
			children = (
				C7DDA7E12852B743005D67D1 /* JSONManager.swift */,
			);
			path = NetworkManager;
			sourceTree = "<group>";
		};
		C7DDA7E72852D52F005D67D1 /* Map */ = {
			isa = PBXGroup;
			children = (
				C74F04F128163BC900F844CE /* HomeViewController.swift */,
			);
			path = Map;
			sourceTree = "<group>";
		};
		C7DDA7E82852D537005D67D1 /* Discover */ = {
			isa = PBXGroup;
			children = (
				C74F04F328163C0400F844CE /* ExploreViewController.swift */,
			);
			path = Discover;
			sourceTree = "<group>";
		};
		C7DDA7E92852D550005D67D1 /* My Reqs */ = {
			isa = PBXGroup;
			children = (
				C78573D7289CBEF3000BB99C /* ReqsViewController.swift */,
			);
			path = "My Reqs";
			sourceTree = "<group>";
		};
		C7DDA7EA2852D56B005D67D1 /* Settings */ = {
			isa = PBXGroup;
			children = (
				C74F04F528163CB500F844CE /* SettingsViewController.swift */,
			);
			path = Settings;
			sourceTree = "<group>";
		};
/* End PBXGroup section */

/* Begin PBXNativeTarget section */
		C725BA3528AC2D9D00DA4D32 /* ReqsTests */ = {
			isa = PBXNativeTarget;
			buildConfigurationList = C725BA3E28AC2D9D00DA4D32 /* Build configuration list for PBXNativeTarget "ReqsTests" */;
			buildPhases = (
				C725BA3228AC2D9D00DA4D32 /* Sources */,
				C725BA3328AC2D9D00DA4D32 /* Frameworks */,
				C725BA3428AC2D9D00DA4D32 /* Resources */,
			);
			buildRules = (
			);
			dependencies = (
				C725BA3B28AC2D9D00DA4D32 /* PBXTargetDependency */,
			);
			name = ReqsTests;
			productName = ReqsTests;
			productReference = C725BA3628AC2D9D00DA4D32 /* ReqsTests.xctest */;
			productType = "com.apple.product-type.bundle.unit-test";
		};
		C74F04D32814EAF900F844CE /* Reqs */ = {
			isa = PBXNativeTarget;
			buildConfigurationList = C74F04E82814EAFA00F844CE /* Build configuration list for PBXNativeTarget "Reqs" */;
			buildPhases = (
				C74F04D02814EAF900F844CE /* Sources */,
				C74F04D12814EAF900F844CE /* Frameworks */,
				C74F04D22814EAF900F844CE /* Resources */,
			);
			buildRules = (
			);
			dependencies = (
			);
			name = Reqs;
			packageProductDependencies = (
				C7DDA7D128513A31005D67D1 /* Realm */,
				C7DDA7D328513A31005D67D1 /* RealmSwift */,
				C7DDA871288378DA005D67D1 /* Kingfisher */,
			);
			productName = Reqs;
			productReference = C74F04D42814EAF900F844CE /* Reqs.app */;
			productType = "com.apple.product-type.application";
		};
/* End PBXNativeTarget section */

/* Begin PBXProject section */
		C74F04CC2814EAF900F844CE /* Project object */ = {
			isa = PBXProject;
			attributes = {
				BuildIndependentTargetsInParallel = 1;
				LastSwiftUpdateCheck = 1340;
				LastUpgradeCheck = 1330;
				TargetAttributes = {
					C725BA3528AC2D9D00DA4D32 = {
						CreatedOnToolsVersion = 13.4.1;
						TestTargetID = C74F04D32814EAF900F844CE;
					};
					C74F04D32814EAF900F844CE = {
						CreatedOnToolsVersion = 13.3.1;
					};
				};
			};
			buildConfigurationList = C74F04CF2814EAF900F844CE /* Build configuration list for PBXProject "Reqs" */;
			compatibilityVersion = "Xcode 13.0";
			developmentRegion = en;
			hasScannedForEncodings = 0;
			knownRegions = (
				en,
				Base,
			);
			mainGroup = C74F04CB2814EAF900F844CE;
			packageReferences = (
				C7DDA7D028513A31005D67D1 /* XCRemoteSwiftPackageReference "realm-swift" */,
				C7DDA870288378DA005D67D1 /* XCRemoteSwiftPackageReference "Kingfisher" */,
			);
			productRefGroup = C74F04D52814EAF900F844CE /* Products */;
			projectDirPath = "";
			projectRoot = "";
			targets = (
				C74F04D32814EAF900F844CE /* Reqs */,
				C725BA3528AC2D9D00DA4D32 /* ReqsTests */,
			);
		};
/* End PBXProject section */

/* Begin PBXResourcesBuildPhase section */
		C725BA3428AC2D9D00DA4D32 /* Resources */ = {
			isa = PBXResourcesBuildPhase;
			buildActionMask = 2147483647;
			files = (
				C725BA4628AC346D00DA4D32 /* testresponse.json in Resources */,
			);
			runOnlyForDeploymentPostprocessing = 0;
		};
		C74F04D22814EAF900F844CE /* Resources */ = {
			isa = PBXResourcesBuildPhase;
			buildActionMask = 2147483647;
			files = (
				C74F04E42814EAFA00F844CE /* LaunchScreen.storyboard in Resources */,
				C74F04E12814EAFA00F844CE /* Assets.xcassets in Resources */,
				C74F04DF2814EAF900F844CE /* Main.storyboard in Resources */,
			);
			runOnlyForDeploymentPostprocessing = 0;
		};
/* End PBXResourcesBuildPhase section */

/* Begin PBXSourcesBuildPhase section */
		C725BA3228AC2D9D00DA4D32 /* Sources */ = {
			isa = PBXSourcesBuildPhase;
			buildActionMask = 2147483647;
			files = (
				C725BA4128AC2DED00DA4D32 /* MockHomeViewController.swift in Sources */,
				C725BA4228AC2DED00DA4D32 /* MockReqsViewController.swift in Sources */,
				C725BA4428AC2F1E00DA4D32 /* MockJSONManager.swift in Sources */,
				C725BA4028AC2DED00DA4D32 /* HomeViewControllerTests.swift in Sources */,
				C725BA3F28AC2DED00DA4D32 /* ReqsViewControllerTests.swift in Sources */,
			);
			runOnlyForDeploymentPostprocessing = 0;
		};
		C74F04D02814EAF900F844CE /* Sources */ = {
			isa = PBXSourcesBuildPhase;
			buildActionMask = 2147483647;
			files = (
				C7DDA7DA28513FA6005D67D1 /* ReqsModel.swift in Sources */,
				C7DDA7D828513D93005D67D1 /* ProfileModel.swift in Sources */,
				C74F04DC2814EAF900F844CE /* MainTabbarViewController.swift in Sources */,
				C7DB168F28A18A60001A66FD /* MyReqsTableViewCell.swift in Sources */,
				C765A55128AAABF800FE72F0 /* OnboardingPage2.swift in Sources */,
				C765A54D28AAA9E100FE72F0 /* OnboardingViewController.swift in Sources */,
				C765A54F28AAABEA00FE72F0 /* OnboardingPage1.swift in Sources */,
				C7DDA86D2873CCC8005D67D1 /* AnnotationViewController.swift in Sources */,
				C7DB170B28A6C248001A66FD /* SettingsTableViewCell.swift in Sources */,
				C7DDA7E22852B743005D67D1 /* JSONManager.swift in Sources */,
				C74F04D82814EAF900F844CE /* AppDelegate.swift in Sources */,
				C7DDA7CF284FBEC1005D67D1 /* DiscoverCollectionViewCell.swift in Sources */,
				C78573D8289CBEF3000BB99C /* ReqsViewController.swift in Sources */,
				C765A55328AAAC0000FE72F0 /* OnboardingPage3.swift in Sources */,
				C74F04F428163C0400F844CE /* ExploreViewController.swift in Sources */,
				C74F04DA2814EAF900F844CE /* SceneDelegate.swift in Sources */,
				C7DDA7DF28529BD4005D67D1 /* YelpResult.swift in Sources */,
				C7DDA86928639399005D67D1 /* YelpResultPins.swift in Sources */,
				C74F04F228163BC900F844CE /* HomeViewController.swift in Sources */,
				C74F04F628163CB500F844CE /* SettingsViewController.swift in Sources */,
				C78573D62899C92C000BB99C /* Constant.swift in Sources */,
				C7DB170D28A6CDE7001A66FD /* SwitchTableViewCell.swift in Sources */,
			);
			runOnlyForDeploymentPostprocessing = 0;
		};
/* End PBXSourcesBuildPhase section */

/* Begin PBXTargetDependency section */
		C725BA3B28AC2D9D00DA4D32 /* PBXTargetDependency */ = {
			isa = PBXTargetDependency;
			target = C74F04D32814EAF900F844CE /* Reqs */;
			targetProxy = C725BA3A28AC2D9D00DA4D32 /* PBXContainerItemProxy */;
		};
/* End PBXTargetDependency section */

/* Begin PBXVariantGroup section */
		C74F04DD2814EAF900F844CE /* Main.storyboard */ = {
			isa = PBXVariantGroup;
			children = (
				C74F04DE2814EAF900F844CE /* Base */,
			);
			name = Main.storyboard;
			sourceTree = "<group>";
		};
		C74F04E22814EAFA00F844CE /* LaunchScreen.storyboard */ = {
			isa = PBXVariantGroup;
			children = (
				C74F04E32814EAFA00F844CE /* Base */,
			);
			name = LaunchScreen.storyboard;
			sourceTree = "<group>";
		};
/* End PBXVariantGroup section */

/* Begin XCBuildConfiguration section */
		C725BA3C28AC2D9D00DA4D32 /* Debug */ = {
			isa = XCBuildConfiguration;
			buildSettings = {
				BUNDLE_LOADER = "$(TEST_HOST)";
				CODE_SIGN_STYLE = Automatic;
				CURRENT_PROJECT_VERSION = 1;
				DEVELOPMENT_TEAM = E7DB2AD65D;
				GENERATE_INFOPLIST_FILE = YES;
				IPHONEOS_DEPLOYMENT_TARGET = 15.5;
				MARKETING_VERSION = 1.0;
				PRODUCT_BUNDLE_IDENTIFIER = com.examplejojo.ReqsTests;
				PRODUCT_NAME = "$(TARGET_NAME)";
				SWIFT_EMIT_LOC_STRINGS = NO;
				SWIFT_VERSION = 5.0;
				TARGETED_DEVICE_FAMILY = "1,2";
				TEST_HOST = "$(BUILT_PRODUCTS_DIR)/Reqs.app/Reqs";
			};
			name = Debug;
		};
		C725BA3D28AC2D9D00DA4D32 /* Release */ = {
			isa = XCBuildConfiguration;
			buildSettings = {
				BUNDLE_LOADER = "$(TEST_HOST)";
				CODE_SIGN_STYLE = Automatic;
				CURRENT_PROJECT_VERSION = 1;
				DEVELOPMENT_TEAM = E7DB2AD65D;
				GENERATE_INFOPLIST_FILE = YES;
				IPHONEOS_DEPLOYMENT_TARGET = 15.5;
				MARKETING_VERSION = 1.0;
				PRODUCT_BUNDLE_IDENTIFIER = com.examplejojo.ReqsTests;
				PRODUCT_NAME = "$(TARGET_NAME)";
				SWIFT_EMIT_LOC_STRINGS = NO;
				SWIFT_VERSION = 5.0;
				TARGETED_DEVICE_FAMILY = "1,2";
				TEST_HOST = "$(BUILT_PRODUCTS_DIR)/Reqs.app/Reqs";
			};
			name = Release;
		};
		C74F04E62814EAFA00F844CE /* Debug */ = {
			isa = XCBuildConfiguration;
			buildSettings = {
				ALWAYS_SEARCH_USER_PATHS = NO;
				CLANG_ANALYZER_NONNULL = YES;
				CLANG_ANALYZER_NUMBER_OBJECT_CONVERSION = YES_AGGRESSIVE;
				CLANG_CXX_LANGUAGE_STANDARD = "gnu++17";
				CLANG_ENABLE_MODULES = YES;
				CLANG_ENABLE_OBJC_ARC = YES;
				CLANG_ENABLE_OBJC_WEAK = YES;
				CLANG_WARN_BLOCK_CAPTURE_AUTORELEASING = YES;
				CLANG_WARN_BOOL_CONVERSION = YES;
				CLANG_WARN_COMMA = YES;
				CLANG_WARN_CONSTANT_CONVERSION = YES;
				CLANG_WARN_DEPRECATED_OBJC_IMPLEMENTATIONS = YES;
				CLANG_WARN_DIRECT_OBJC_ISA_USAGE = YES_ERROR;
				CLANG_WARN_DOCUMENTATION_COMMENTS = YES;
				CLANG_WARN_EMPTY_BODY = YES;
				CLANG_WARN_ENUM_CONVERSION = YES;
				CLANG_WARN_INFINITE_RECURSION = YES;
				CLANG_WARN_INT_CONVERSION = YES;
				CLANG_WARN_NON_LITERAL_NULL_CONVERSION = YES;
				CLANG_WARN_OBJC_IMPLICIT_RETAIN_SELF = YES;
				CLANG_WARN_OBJC_LITERAL_CONVERSION = YES;
				CLANG_WARN_OBJC_ROOT_CLASS = YES_ERROR;
				CLANG_WARN_QUOTED_INCLUDE_IN_FRAMEWORK_HEADER = YES;
				CLANG_WARN_RANGE_LOOP_ANALYSIS = YES;
				CLANG_WARN_STRICT_PROTOTYPES = YES;
				CLANG_WARN_SUSPICIOUS_MOVE = YES;
				CLANG_WARN_UNGUARDED_AVAILABILITY = YES_AGGRESSIVE;
				CLANG_WARN_UNREACHABLE_CODE = YES;
				CLANG_WARN__DUPLICATE_METHOD_MATCH = YES;
				COPY_PHASE_STRIP = NO;
				DEBUG_INFORMATION_FORMAT = dwarf;
				ENABLE_STRICT_OBJC_MSGSEND = YES;
				ENABLE_TESTABILITY = YES;
				GCC_C_LANGUAGE_STANDARD = gnu11;
				GCC_DYNAMIC_NO_PIC = NO;
				GCC_NO_COMMON_BLOCKS = YES;
				GCC_OPTIMIZATION_LEVEL = 0;
				GCC_PREPROCESSOR_DEFINITIONS = (
					"DEBUG=1",
					"$(inherited)",
				);
				GCC_WARN_64_TO_32_BIT_CONVERSION = YES;
				GCC_WARN_ABOUT_RETURN_TYPE = YES_ERROR;
				GCC_WARN_UNDECLARED_SELECTOR = YES;
				GCC_WARN_UNINITIALIZED_AUTOS = YES_AGGRESSIVE;
				GCC_WARN_UNUSED_FUNCTION = YES;
				GCC_WARN_UNUSED_VARIABLE = YES;
				IPHONEOS_DEPLOYMENT_TARGET = 15.4;
				MTL_ENABLE_DEBUG_INFO = INCLUDE_SOURCE;
				MTL_FAST_MATH = YES;
				ONLY_ACTIVE_ARCH = YES;
				SDKROOT = iphoneos;
				SWIFT_ACTIVE_COMPILATION_CONDITIONS = DEBUG;
				SWIFT_OPTIMIZATION_LEVEL = "-Onone";
			};
			name = Debug;
		};
		C74F04E72814EAFA00F844CE /* Release */ = {
			isa = XCBuildConfiguration;
			buildSettings = {
				ALWAYS_SEARCH_USER_PATHS = NO;
				CLANG_ANALYZER_NONNULL = YES;
				CLANG_ANALYZER_NUMBER_OBJECT_CONVERSION = YES_AGGRESSIVE;
				CLANG_CXX_LANGUAGE_STANDARD = "gnu++17";
				CLANG_ENABLE_MODULES = YES;
				CLANG_ENABLE_OBJC_ARC = YES;
				CLANG_ENABLE_OBJC_WEAK = YES;
				CLANG_WARN_BLOCK_CAPTURE_AUTORELEASING = YES;
				CLANG_WARN_BOOL_CONVERSION = YES;
				CLANG_WARN_COMMA = YES;
				CLANG_WARN_CONSTANT_CONVERSION = YES;
				CLANG_WARN_DEPRECATED_OBJC_IMPLEMENTATIONS = YES;
				CLANG_WARN_DIRECT_OBJC_ISA_USAGE = YES_ERROR;
				CLANG_WARN_DOCUMENTATION_COMMENTS = YES;
				CLANG_WARN_EMPTY_BODY = YES;
				CLANG_WARN_ENUM_CONVERSION = YES;
				CLANG_WARN_INFINITE_RECURSION = YES;
				CLANG_WARN_INT_CONVERSION = YES;
				CLANG_WARN_NON_LITERAL_NULL_CONVERSION = YES;
				CLANG_WARN_OBJC_IMPLICIT_RETAIN_SELF = YES;
				CLANG_WARN_OBJC_LITERAL_CONVERSION = YES;
				CLANG_WARN_OBJC_ROOT_CLASS = YES_ERROR;
				CLANG_WARN_QUOTED_INCLUDE_IN_FRAMEWORK_HEADER = YES;
				CLANG_WARN_RANGE_LOOP_ANALYSIS = YES;
				CLANG_WARN_STRICT_PROTOTYPES = YES;
				CLANG_WARN_SUSPICIOUS_MOVE = YES;
				CLANG_WARN_UNGUARDED_AVAILABILITY = YES_AGGRESSIVE;
				CLANG_WARN_UNREACHABLE_CODE = YES;
				CLANG_WARN__DUPLICATE_METHOD_MATCH = YES;
				COPY_PHASE_STRIP = NO;
				DEBUG_INFORMATION_FORMAT = "dwarf-with-dsym";
				ENABLE_NS_ASSERTIONS = NO;
				ENABLE_STRICT_OBJC_MSGSEND = YES;
				GCC_C_LANGUAGE_STANDARD = gnu11;
				GCC_NO_COMMON_BLOCKS = YES;
				GCC_WARN_64_TO_32_BIT_CONVERSION = YES;
				GCC_WARN_ABOUT_RETURN_TYPE = YES_ERROR;
				GCC_WARN_UNDECLARED_SELECTOR = YES;
				GCC_WARN_UNINITIALIZED_AUTOS = YES_AGGRESSIVE;
				GCC_WARN_UNUSED_FUNCTION = YES;
				GCC_WARN_UNUSED_VARIABLE = YES;
				IPHONEOS_DEPLOYMENT_TARGET = 15.4;
				MTL_ENABLE_DEBUG_INFO = NO;
				MTL_FAST_MATH = YES;
				SDKROOT = iphoneos;
				SWIFT_COMPILATION_MODE = wholemodule;
				SWIFT_OPTIMIZATION_LEVEL = "-O";
				VALIDATE_PRODUCT = YES;
			};
			name = Release;
		};
		C74F04E92814EAFA00F844CE /* Debug */ = {
			isa = XCBuildConfiguration;
			buildSettings = {
				ASSETCATALOG_COMPILER_APPICON_NAME = AppIcon;
				ASSETCATALOG_COMPILER_GLOBAL_ACCENT_COLOR_NAME = AccentColor;
				CODE_SIGN_STYLE = Automatic;
				CURRENT_PROJECT_VERSION = 1;
				DEVELOPMENT_TEAM = E7DB2AD65D;
				GENERATE_INFOPLIST_FILE = YES;
				INFOPLIST_FILE = Reqs/Info.plist;
				INFOPLIST_KEY_UIApplicationSupportsIndirectInputEvents = YES;
				INFOPLIST_KEY_UILaunchStoryboardName = LaunchScreen;
				INFOPLIST_KEY_UISupportedInterfaceOrientations_iPad = "UIInterfaceOrientationPortrait UIInterfaceOrientationPortraitUpsideDown UIInterfaceOrientationLandscapeLeft UIInterfaceOrientationLandscapeRight";
				INFOPLIST_KEY_UISupportedInterfaceOrientations_iPhone = "UIInterfaceOrientationPortrait UIInterfaceOrientationLandscapeLeft UIInterfaceOrientationLandscapeRight";
				LD_RUNPATH_SEARCH_PATHS = (
					"$(inherited)",
					"@executable_path/Frameworks",
				);
				MARKETING_VERSION = 1.0;
				PRODUCT_BUNDLE_IDENTIFIER = com.examplejojo.Reqs;
				PRODUCT_NAME = "$(TARGET_NAME)";
				SWIFT_EMIT_LOC_STRINGS = YES;
				SWIFT_VERSION = 5.0;
				TARGETED_DEVICE_FAMILY = "1,2";
			};
			name = Debug;
		};
		C74F04EA2814EAFA00F844CE /* Release */ = {
			isa = XCBuildConfiguration;
			buildSettings = {
				ASSETCATALOG_COMPILER_APPICON_NAME = AppIcon;
				ASSETCATALOG_COMPILER_GLOBAL_ACCENT_COLOR_NAME = AccentColor;
				CODE_SIGN_STYLE = Automatic;
				CURRENT_PROJECT_VERSION = 1;
				DEVELOPMENT_TEAM = E7DB2AD65D;
				GENERATE_INFOPLIST_FILE = YES;
				INFOPLIST_FILE = Reqs/Info.plist;
				INFOPLIST_KEY_UIApplicationSupportsIndirectInputEvents = YES;
				INFOPLIST_KEY_UILaunchStoryboardName = LaunchScreen;
				INFOPLIST_KEY_UISupportedInterfaceOrientations_iPad = "UIInterfaceOrientationPortrait UIInterfaceOrientationPortraitUpsideDown UIInterfaceOrientationLandscapeLeft UIInterfaceOrientationLandscapeRight";
				INFOPLIST_KEY_UISupportedInterfaceOrientations_iPhone = "UIInterfaceOrientationPortrait UIInterfaceOrientationLandscapeLeft UIInterfaceOrientationLandscapeRight";
				LD_RUNPATH_SEARCH_PATHS = (
					"$(inherited)",
					"@executable_path/Frameworks",
				);
				MARKETING_VERSION = 1.0;
				PRODUCT_BUNDLE_IDENTIFIER = com.examplejojo.Reqs;
				PRODUCT_NAME = "$(TARGET_NAME)";
				SWIFT_EMIT_LOC_STRINGS = YES;
				SWIFT_VERSION = 5.0;
				TARGETED_DEVICE_FAMILY = "1,2";
			};
			name = Release;
		};
/* End XCBuildConfiguration section */

/* Begin XCConfigurationList section */
		C725BA3E28AC2D9D00DA4D32 /* Build configuration list for PBXNativeTarget "ReqsTests" */ = {
			isa = XCConfigurationList;
			buildConfigurations = (
				C725BA3C28AC2D9D00DA4D32 /* Debug */,
				C725BA3D28AC2D9D00DA4D32 /* Release */,
			);
			defaultConfigurationIsVisible = 0;
			defaultConfigurationName = Release;
		};
		C74F04CF2814EAF900F844CE /* Build configuration list for PBXProject "Reqs" */ = {
			isa = XCConfigurationList;
			buildConfigurations = (
				C74F04E62814EAFA00F844CE /* Debug */,
				C74F04E72814EAFA00F844CE /* Release */,
			);
			defaultConfigurationIsVisible = 0;
			defaultConfigurationName = Release;
		};
		C74F04E82814EAFA00F844CE /* Build configuration list for PBXNativeTarget "Reqs" */ = {
			isa = XCConfigurationList;
			buildConfigurations = (
				C74F04E92814EAFA00F844CE /* Debug */,
				C74F04EA2814EAFA00F844CE /* Release */,
			);
			defaultConfigurationIsVisible = 0;
			defaultConfigurationName = Release;
		};
/* End XCConfigurationList section */

/* Begin XCRemoteSwiftPackageReference section */
		C7DDA7D028513A31005D67D1 /* XCRemoteSwiftPackageReference "realm-swift" */ = {
			isa = XCRemoteSwiftPackageReference;
			repositoryURL = "https://github.com/realm/realm-swift.git";
			requirement = {
				branch = master;
				kind = branch;
			};
		};
		C7DDA870288378DA005D67D1 /* XCRemoteSwiftPackageReference "Kingfisher" */ = {
			isa = XCRemoteSwiftPackageReference;
			repositoryURL = "https://github.com/onevcat/Kingfisher.git";
			requirement = {
				kind = upToNextMajorVersion;
				minimumVersion = 7.0.0;
			};
		};
/* End XCRemoteSwiftPackageReference section */

/* Begin XCSwiftPackageProductDependency section */
		C7DDA7D128513A31005D67D1 /* Realm */ = {
			isa = XCSwiftPackageProductDependency;
			package = C7DDA7D028513A31005D67D1 /* XCRemoteSwiftPackageReference "realm-swift" */;
			productName = Realm;
		};
		C7DDA7D328513A31005D67D1 /* RealmSwift */ = {
			isa = XCSwiftPackageProductDependency;
			package = C7DDA7D028513A31005D67D1 /* XCRemoteSwiftPackageReference "realm-swift" */;
			productName = RealmSwift;
		};
		C7DDA871288378DA005D67D1 /* Kingfisher */ = {
			isa = XCSwiftPackageProductDependency;
			package = C7DDA870288378DA005D67D1 /* XCRemoteSwiftPackageReference "Kingfisher" */;
			productName = Kingfisher;
		};
/* End XCSwiftPackageProductDependency section */
	};
	rootObject = C74F04CC2814EAF900F844CE /* Project object */;
}
